
Microsoft Visual Studio Solution File, Format Version 12.00
# Visual Studio Version 16
VisualStudioVersion = 16.0.29306.81
MinimumVisualStudioVersion = 10.0.40219.1
Project("{FAE04EC0-301F-11D3-BF4B-00C04F79EFBC}") = "Q3", "Q3\Q3.csproj", "{BD8ED0D7-B643-446D-A2D9-9375FDE7E5BA}"
EndProject
Global
	GlobalSection(SolutionConfigurationPlatforms) = preSolution
		Debug|Any CPU = Debug|Any CPU
		Release|Any CPU = Release|Any CPU
	EndGlobalSection
	GlobalSection(ProjectConfigurationPlatforms) = postSolution
		{BD8ED0D7-B643-446D-A2D9-9375FDE7E5BA}.Debug|Any CPU.ActiveCfg = Debug|Any CPU
		{BD8ED0D7-B643-446D-A2D9-9375FDE7E5BA}.Debug|Any CPU.Build.0 = Debug|Any CPU
		{BD8ED0D7-B643-446D-A2D9-9375FDE7E5BA}.Release|Any CPU.ActiveCfg = Release|Any CPU
		{BD8ED0D7-B643-446D-A2D9-9375FDE7E5BA}.Release|Any CPU.Build.0 = Release|Any CPU
	EndGlobalSection
	GlobalSection(SolutionProperties) = preSolution
		HideSolutionNode = FALSE
	EndGlobalSection
	GlobalSection(ExtensibilityGlobals) = postSolution
		SolutionGuid = {E1B62F1C-123D-4A7B-A6AB-45CE0F112255}
	EndGlobalSection
EndGlobal
