
Microsoft Visual Studio Solution File, Format Version 12.00
# Visual Studio Version 16
VisualStudioVersion = 16.0.29306.81
MinimumVisualStudioVersion = 10.0.40219.1
Project("{FAE04EC0-301F-11D3-BF4B-00C04F79EFBC}") = "lab 3", "lab 3\lab 3.csproj", "{BC778119-E2E5-4488-8E31-9608DA27385B}"
EndProject
Global
	GlobalSection(SolutionConfigurationPlatforms) = preSolution
		Debug|Any CPU = Debug|Any CPU
		Release|Any CPU = Release|Any CPU
	EndGlobalSection
	GlobalSection(ProjectConfigurationPlatforms) = postSolution
		{BC778119-E2E5-4488-8E31-9608DA27385B}.Debug|Any CPU.ActiveCfg = Debug|Any CPU
		{BC778119-E2E5-4488-8E31-9608DA27385B}.Debug|Any CPU.Build.0 = Debug|Any CPU
		{BC778119-E2E5-4488-8E31-9608DA27385B}.Release|Any CPU.ActiveCfg = Release|Any CPU
		{BC778119-E2E5-4488-8E31-9608DA27385B}.Release|Any CPU.Build.0 = Release|Any CPU
	EndGlobalSection
	GlobalSection(SolutionProperties) = preSolution
		HideSolutionNode = FALSE
	EndGlobalSection
	GlobalSection(ExtensibilityGlobals) = postSolution
		SolutionGuid = {00BE0CED-EEF6-4702-B5B8-4D5CEE4C8766}
	EndGlobalSection
EndGlobal
