
Microsoft Visual Studio Solution File, Format Version 12.00
# Visual Studio 2012
Project("{FAE04EC0-301F-11D3-BF4B-00C04F79EFBC}") = "Q6", "Q6.csproj", "{3F208191-BA3E-48FA-86CB-AA9134DA5FBD}"
EndProject
Global
	GlobalSection(SolutionConfigurationPlatforms) = preSolution
		Debug|Any CPU = Debug|Any CPU
		Release|Any CPU = Release|Any CPU
	EndGlobalSection
	GlobalSection(ProjectConfigurationPlatforms) = postSolution
		{3F208191-BA3E-48FA-86CB-AA9134DA5FBD}.Debug|Any CPU.ActiveCfg = Debug|Any CPU
		{3F208191-BA3E-48FA-86CB-AA9134DA5FBD}.Debug|Any CPU.Build.0 = Debug|Any CPU
		{3F208191-BA3E-48FA-86CB-AA9134DA5FBD}.Release|Any CPU.ActiveCfg = Release|Any CPU
		{3F208191-BA3E-48FA-86CB-AA9134DA5FBD}.Release|Any CPU.Build.0 = Release|Any CPU
	EndGlobalSection
	GlobalSection(SolutionProperties) = preSolution
		HideSolutionNode = FALSE
	EndGlobalSection
EndGlobal
