
Microsoft Visual Studio Solution File, Format Version 12.00
# Visual Studio Version 16
VisualStudioVersion = 16.0.29306.81
MinimumVisualStudioVersion = 10.0.40219.1
Project("{FAE04EC0-301F-11D3-BF4B-00C04F79EFBC}") = "Lab4", "Lab4\Lab4.csproj", "{5C61BDD2-F3BE-486F-B4A3-DA7AF0E23C86}"
EndProject
Global
	GlobalSection(SolutionConfigurationPlatforms) = preSolution
		Debug|Any CPU = Debug|Any CPU
		Release|Any CPU = Release|Any CPU
	EndGlobalSection
	GlobalSection(ProjectConfigurationPlatforms) = postSolution
		{5C61BDD2-F3BE-486F-B4A3-DA7AF0E23C86}.Debug|Any CPU.ActiveCfg = Debug|Any CPU
		{5C61BDD2-F3BE-486F-B4A3-DA7AF0E23C86}.Debug|Any CPU.Build.0 = Debug|Any CPU
		{5C61BDD2-F3BE-486F-B4A3-DA7AF0E23C86}.Release|Any CPU.ActiveCfg = Release|Any CPU
		{5C61BDD2-F3BE-486F-B4A3-DA7AF0E23C86}.Release|Any CPU.Build.0 = Release|Any CPU
	EndGlobalSection
	GlobalSection(SolutionProperties) = preSolution
		HideSolutionNode = FALSE
	EndGlobalSection
	GlobalSection(ExtensibilityGlobals) = postSolution
		SolutionGuid = {CF82FBCA-E387-439A-98D6-501D674216D7}
	EndGlobalSection
EndGlobal
